
Microsoft Visual Studio Solution File, Format Version 12.00
# Visual Studio Version 17
Project("{2150E333-8FDC-42A3-9474-1A3956D46DE8}") = "Ashes", "Ashes", "{0097993A-D8F3-335B-B68D-1BFE918D6D10}"
EndProject
Project("{2150E333-8FDC-42A3-9474-1A3956D46DE8}") = "Core", "Ashes\Core", "{4B067D19-0AFD-3511-8FEE-1C428E0C960F}"
EndProject
Project("{2150E333-8FDC-42A3-9474-1A3956D46DE8}") = "Renderer", "Ashes\Renderer", "{D4D3B4A4-163E-3199-AAF5-55C2068AA0B2}"
EndProject
Project("{2150E333-8FDC-42A3-9474-1A3956D46DE8}") = "CMakePredefinedTargets", "CMakePredefinedTargets", "{FF770FC2-C016-3267-8A4A-149F4FB6B73F}"
EndProject
Project("{8BC9CEB8-8B4A-11D0-8D11-00A0C91BC942}") = "ALL_BUILD", "ALL_BUILD.vcxproj", "{C962E6E5-BD2F-35FF-BE37-CA19133AADEB}"
	ProjectSection(ProjectDependencies) = postProject
		{6AD343A2-E4FD-37F9-A97A-E8B6DB3CA05E} = {6AD343A2-E4FD-37F9-A97A-E8B6DB3CA05E}
		{F0010EF4-D9CE-3064-B3CB-C18BA513DD9E} = {F0010EF4-D9CE-3064-B3CB-C18BA513DD9E}
		{228E4A3E-5B44-3306-9320-2CDF9C2B3618} = {228E4A3E-5B44-3306-9320-2CDF9C2B3618}
	EndProjectSection
EndProject
Project("{8BC9CEB8-8B4A-11D0-8D11-00A0C91BC942}") = "INSTALL", "INSTALL.vcxproj", "{49C523ED-F6BA-38B8-9066-87E1C69C1B37}"
	ProjectSection(ProjectDependencies) = postProject
		{C962E6E5-BD2F-35FF-BE37-CA19133AADEB} = {C962E6E5-BD2F-35FF-BE37-CA19133AADEB}
		{6AD343A2-E4FD-37F9-A97A-E8B6DB3CA05E} = {6AD343A2-E4FD-37F9-A97A-E8B6DB3CA05E}
	EndProjectSection
EndProject
Project("{8BC9CEB8-8B4A-11D0-8D11-00A0C91BC942}") = "ZERO_CHECK", "..\..\..\..\\ZERO_CHECK.vcxproj", "{6AD343A2-E4FD-37F9-A97A-E8B6DB3CA05E}"
	ProjectSection(ProjectDependencies) = postProject
	EndProjectSection
EndProject
Project("{8BC9CEB8-8B4A-11D0-8D11-00A0C91BC942}") = "ashes", "..\..\\ashes.vcxproj", "{1A003152-354F-3127-A4BF-E0777A510087}"
	ProjectSection(ProjectDependencies) = postProject
		{6AD343A2-E4FD-37F9-A97A-E8B6DB3CA05E} = {6AD343A2-E4FD-37F9-A97A-E8B6DB3CA05E}
		{D67A1CC0-DD53-363A-ABBD-0E1B6B4504BF} = {D67A1CC0-DD53-363A-ABBD-0E1B6B4504BF}
	EndProjectSection
EndProject
Project("{8BC9CEB8-8B4A-11D0-8D11-00A0C91BC942}") = "ashesCommon", "..\..\common\ashesCommon.vcxproj", "{D67A1CC0-DD53-363A-ABBD-0E1B6B4504BF}"
	ProjectSection(ProjectDependencies) = postProject
		{6AD343A2-E4FD-37F9-A97A-E8B6DB3CA05E} = {6AD343A2-E4FD-37F9-A97A-E8B6DB3CA05E}
	EndProjectSection
EndProject
Project("{8BC9CEB8-8B4A-11D0-8D11-00A0C91BC942}") = "ashesRendererCommon", "ashesRendererCommon.vcxproj", "{F0010EF4-D9CE-3064-B3CB-C18BA513DD9E}"
	ProjectSection(ProjectDependencies) = postProject
		{6AD343A2-E4FD-37F9-A97A-E8B6DB3CA05E} = {6AD343A2-E4FD-37F9-A97A-E8B6DB3CA05E}
		{1A003152-354F-3127-A4BF-E0777A510087} = {1A003152-354F-3127-A4BF-E0777A510087}
		{D67A1CC0-DD53-363A-ABBD-0E1B6B4504BF} = {D67A1CC0-DD53-363A-ABBD-0E1B6B4504BF}
		{228E4A3E-5B44-3306-9320-2CDF9C2B3618} = {228E4A3E-5B44-3306-9320-2CDF9C2B3618}
	EndProjectSection
EndProject
Project("{8BC9CEB8-8B4A-11D0-8D11-00A0C91BC942}") = "ashesSpirVCross", "ashesSpirVCross.vcxproj", "{228E4A3E-5B44-3306-9320-2CDF9C2B3618}"
	ProjectSection(ProjectDependencies) = postProject
		{6AD343A2-E4FD-37F9-A97A-E8B6DB3CA05E} = {6AD343A2-E4FD-37F9-A97A-E8B6DB3CA05E}
	EndProjectSection
EndProject
Global
	GlobalSection(SolutionConfigurationPlatforms) = preSolution
		Debug|x64 = Debug|x64
		Release|x64 = Release|x64
		MinSizeRel|x64 = MinSizeRel|x64
		RelWithDebInfo|x64 = RelWithDebInfo|x64
	EndGlobalSection
	GlobalSection(ProjectConfigurationPlatforms) = postSolution
		{C962E6E5-BD2F-35FF-BE37-CA19133AADEB}.Debug|x64.ActiveCfg = Debug|x64
		{C962E6E5-BD2F-35FF-BE37-CA19133AADEB}.Debug|x64.Build.0 = Debug|x64
		{C962E6E5-BD2F-35FF-BE37-CA19133AADEB}.Release|x64.ActiveCfg = Release|x64
		{C962E6E5-BD2F-35FF-BE37-CA19133AADEB}.Release|x64.Build.0 = Release|x64
		{C962E6E5-BD2F-35FF-BE37-CA19133AADEB}.MinSizeRel|x64.ActiveCfg = MinSizeRel|x64
		{C962E6E5-BD2F-35FF-BE37-CA19133AADEB}.MinSizeRel|x64.Build.0 = MinSizeRel|x64
		{C962E6E5-BD2F-35FF-BE37-CA19133AADEB}.RelWithDebInfo|x64.ActiveCfg = RelWithDebInfo|x64
		{C962E6E5-BD2F-35FF-BE37-CA19133AADEB}.RelWithDebInfo|x64.Build.0 = RelWithDebInfo|x64
		{49C523ED-F6BA-38B8-9066-87E1C69C1B37}.Debug|x64.ActiveCfg = Debug|x64
		{49C523ED-F6BA-38B8-9066-87E1C69C1B37}.Release|x64.ActiveCfg = Release|x64
		{49C523ED-F6BA-38B8-9066-87E1C69C1B37}.MinSizeRel|x64.ActiveCfg = MinSizeRel|x64
		{49C523ED-F6BA-38B8-9066-87E1C69C1B37}.RelWithDebInfo|x64.ActiveCfg = RelWithDebInfo|x64
		{6AD343A2-E4FD-37F9-A97A-E8B6DB3CA05E}.Debug|x64.ActiveCfg = Debug|x64
		{6AD343A2-E4FD-37F9-A97A-E8B6DB3CA05E}.Debug|x64.Build.0 = Debug|x64
		{6AD343A2-E4FD-37F9-A97A-E8B6DB3CA05E}.Release|x64.ActiveCfg = Release|x64
		{6AD343A2-E4FD-37F9-A97A-E8B6DB3CA05E}.Release|x64.Build.0 = Release|x64
		{6AD343A2-E4FD-37F9-A97A-E8B6DB3CA05E}.MinSizeRel|x64.ActiveCfg = MinSizeRel|x64
		{6AD343A2-E4FD-37F9-A97A-E8B6DB3CA05E}.MinSizeRel|x64.Build.0 = MinSizeRel|x64
		{6AD343A2-E4FD-37F9-A97A-E8B6DB3CA05E}.RelWithDebInfo|x64.ActiveCfg = RelWithDebInfo|x64
		{6AD343A2-E4FD-37F9-A97A-E8B6DB3CA05E}.RelWithDebInfo|x64.Build.0 = RelWithDebInfo|x64
		{1A003152-354F-3127-A4BF-E0777A510087}.Debug|x64.ActiveCfg = Debug|x64
		{1A003152-354F-3127-A4BF-E0777A510087}.Debug|x64.Build.0 = Debug|x64
		{1A003152-354F-3127-A4BF-E0777A510087}.Debug|x64.Deploy.0 = Debug|x64
		{1A003152-354F-3127-A4BF-E0777A510087}.Release|x64.ActiveCfg = Release|x64
		{1A003152-354F-3127-A4BF-E0777A510087}.Release|x64.Build.0 = Release|x64
		{1A003152-354F-3127-A4BF-E0777A510087}.Release|x64.Deploy.0 = Release|x64
		{1A003152-354F-3127-A4BF-E0777A510087}.MinSizeRel|x64.ActiveCfg = MinSizeRel|x64
		{1A003152-354F-3127-A4BF-E0777A510087}.MinSizeRel|x64.Build.0 = MinSizeRel|x64
		{1A003152-354F-3127-A4BF-E0777A510087}.MinSizeRel|x64.Deploy.0 = MinSizeRel|x64
		{1A003152-354F-3127-A4BF-E0777A510087}.RelWithDebInfo|x64.ActiveCfg = RelWithDebInfo|x64
		{1A003152-354F-3127-A4BF-E0777A510087}.RelWithDebInfo|x64.Build.0 = RelWithDebInfo|x64
		{1A003152-354F-3127-A4BF-E0777A510087}.RelWithDebInfo|x64.Deploy.0 = RelWithDebInfo|x64
		{D67A1CC0-DD53-363A-ABBD-0E1B6B4504BF}.Debug|x64.ActiveCfg = Debug|x64
		{D67A1CC0-DD53-363A-ABBD-0E1B6B4504BF}.Debug|x64.Build.0 = Debug|x64
		{D67A1CC0-DD53-363A-ABBD-0E1B6B4504BF}.Release|x64.ActiveCfg = Release|x64
		{D67A1CC0-DD53-363A-ABBD-0E1B6B4504BF}.Release|x64.Build.0 = Release|x64
		{D67A1CC0-DD53-363A-ABBD-0E1B6B4504BF}.MinSizeRel|x64.ActiveCfg = MinSizeRel|x64
		{D67A1CC0-DD53-363A-ABBD-0E1B6B4504BF}.MinSizeRel|x64.Build.0 = MinSizeRel|x64
		{D67A1CC0-DD53-363A-ABBD-0E1B6B4504BF}.RelWithDebInfo|x64.ActiveCfg = RelWithDebInfo|x64
		{D67A1CC0-DD53-363A-ABBD-0E1B6B4504BF}.RelWithDebInfo|x64.Build.0 = RelWithDebInfo|x64
		{F0010EF4-D9CE-3064-B3CB-C18BA513DD9E}.Debug|x64.ActiveCfg = Debug|x64
		{F0010EF4-D9CE-3064-B3CB-C18BA513DD9E}.Debug|x64.Build.0 = Debug|x64
		{F0010EF4-D9CE-3064-B3CB-C18BA513DD9E}.Release|x64.ActiveCfg = Release|x64
		{F0010EF4-D9CE-3064-B3CB-C18BA513DD9E}.Release|x64.Build.0 = Release|x64
		{F0010EF4-D9CE-3064-B3CB-C18BA513DD9E}.MinSizeRel|x64.ActiveCfg = MinSizeRel|x64
		{F0010EF4-D9CE-3064-B3CB-C18BA513DD9E}.MinSizeRel|x64.Build.0 = MinSizeRel|x64
		{F0010EF4-D9CE-3064-B3CB-C18BA513DD9E}.RelWithDebInfo|x64.ActiveCfg = RelWithDebInfo|x64
		{F0010EF4-D9CE-3064-B3CB-C18BA513DD9E}.RelWithDebInfo|x64.Build.0 = RelWithDebInfo|x64
		{228E4A3E-5B44-3306-9320-2CDF9C2B3618}.Debug|x64.ActiveCfg = Debug|x64
		{228E4A3E-5B44-3306-9320-2CDF9C2B3618}.Debug|x64.Build.0 = Debug|x64
		{228E4A3E-5B44-3306-9320-2CDF9C2B3618}.Release|x64.ActiveCfg = Release|x64
		{228E4A3E-5B44-3306-9320-2CDF9C2B3618}.Release|x64.Build.0 = Release|x64
		{228E4A3E-5B44-3306-9320-2CDF9C2B3618}.MinSizeRel|x64.ActiveCfg = MinSizeRel|x64
		{228E4A3E-5B44-3306-9320-2CDF9C2B3618}.MinSizeRel|x64.Build.0 = MinSizeRel|x64
		{228E4A3E-5B44-3306-9320-2CDF9C2B3618}.RelWithDebInfo|x64.ActiveCfg = RelWithDebInfo|x64
		{228E4A3E-5B44-3306-9320-2CDF9C2B3618}.RelWithDebInfo|x64.Build.0 = RelWithDebInfo|x64
	EndGlobalSection
	GlobalSection(NestedProjects) = preSolution
		{4B067D19-0AFD-3511-8FEE-1C428E0C960F} = {0097993A-D8F3-335B-B68D-1BFE918D6D10}
		{D4D3B4A4-163E-3199-AAF5-55C2068AA0B2} = {0097993A-D8F3-335B-B68D-1BFE918D6D10}
		{1A003152-354F-3127-A4BF-E0777A510087} = {4B067D19-0AFD-3511-8FEE-1C428E0C960F}
		{D67A1CC0-DD53-363A-ABBD-0E1B6B4504BF} = {4B067D19-0AFD-3511-8FEE-1C428E0C960F}
		{F0010EF4-D9CE-3064-B3CB-C18BA513DD9E} = {D4D3B4A4-163E-3199-AAF5-55C2068AA0B2}
		{228E4A3E-5B44-3306-9320-2CDF9C2B3618} = {D4D3B4A4-163E-3199-AAF5-55C2068AA0B2}
		{C962E6E5-BD2F-35FF-BE37-CA19133AADEB} = {FF770FC2-C016-3267-8A4A-149F4FB6B73F}
		{49C523ED-F6BA-38B8-9066-87E1C69C1B37} = {FF770FC2-C016-3267-8A4A-149F4FB6B73F}
		{6AD343A2-E4FD-37F9-A97A-E8B6DB3CA05E} = {FF770FC2-C016-3267-8A4A-149F4FB6B73F}
	EndGlobalSection
	GlobalSection(ExtensibilityGlobals) = postSolution
		SolutionGuid = {96869197-49C3-37EE-B6CA-6BF4E54CAF0B}
	EndGlobalSection
	GlobalSection(ExtensibilityAddIns) = postSolution
	EndGlobalSection
EndGlobal
